// !$*UTF8*$!
{
	archiveVersion = 1;
	classes = {
	};
	objectVersion = 46;
	objects = {

/* Begin PBXBuildFile section */
		F20FA7FA1CADA0B500288570 /* Cellule.swift in Sources */ = {isa = PBXBuildFile; fileRef = F20FA7F91CADA0B500288570 /* Cellule.swift */; };
		F231DEBC1C9C0BDE00D39E7B /* SeConnecter.swift in Sources */ = {isa = PBXBuildFile; fileRef = F231DEBB1C9C0BDE00D39E7B /* SeConnecter.swift */; };
		F246011A1C9C06A30068E5DB /* CreerCompte.swift in Sources */ = {isa = PBXBuildFile; fileRef = F24601191C9C06A30068E5DB /* CreerCompte.swift */; };
		F28F40AE1C9BF18F003B54F3 /* AppDelegate.swift in Sources */ = {isa = PBXBuildFile; fileRef = F28F40AD1C9BF18F003B54F3 /* AppDelegate.swift */; };
		F28F40B01C9BF18F003B54F3 /* ViewController.swift in Sources */ = {isa = PBXBuildFile; fileRef = F28F40AF1C9BF18F003B54F3 /* ViewController.swift */; };
		F28F40B31C9BF18F003B54F3 /* Main.storyboard in Resources */ = {isa = PBXBuildFile; fileRef = F28F40B11C9BF18F003B54F3 /* Main.storyboard */; };
		F28F40B61C9BF18F003B54F3 /* ProjetiOS2016.xcdatamodeld in Sources */ = {isa = PBXBuildFile; fileRef = F28F40B41C9BF18F003B54F3 /* ProjetiOS2016.xcdatamodeld */; };
		F28F40B81C9BF18F003B54F3 /* Assets.xcassets in Resources */ = {isa = PBXBuildFile; fileRef = F28F40B71C9BF18F003B54F3 /* Assets.xcassets */; };
		F28F40BB1C9BF18F003B54F3 /* LaunchScreen.storyboard in Resources */ = {isa = PBXBuildFile; fileRef = F28F40B91C9BF18F003B54F3 /* LaunchScreen.storyboard */; };
		F2955C971CAE3E03008BDA62 /* CellCommentaire.swift in Sources */ = {isa = PBXBuildFile; fileRef = F2955C961CAE3E03008BDA62 /* CellCommentaire.swift */; };
		F2955C991CAE3F3A008BDA62 /* Commentaire.swift in Sources */ = {isa = PBXBuildFile; fileRef = F2955C981CAE3F3A008BDA62 /* Commentaire.swift */; };
		F2C074201CA2E23B00E51157 /* Conversation.swift in Sources */ = {isa = PBXBuildFile; fileRef = F2C0741F1CA2E23B00E51157 /* Conversation.swift */; };
		F2D396191CA8B00200D68A9A /* DetailController.swift in Sources */ = {isa = PBXBuildFile; fileRef = F2D396181CA8B00200D68A9A /* DetailController.swift */; };
		F2F94C0F1C9C3F2500E49F20 /* CreerService.swift in Sources */ = {isa = PBXBuildFile; fileRef = F2F94C0E1C9C3F2500E49F20 /* CreerService.swift */; };
/* End PBXBuildFile section */

/* Begin PBXFileReference section */
		F20FA7F91CADA0B500288570 /* Cellule.swift */ = {isa = PBXFileReference; fileEncoding = 4; lastKnownFileType = sourcecode.swift; path = Cellule.swift; sourceTree = "<group>"; };
		F231DEBB1C9C0BDE00D39E7B /* SeConnecter.swift */ = {isa = PBXFileReference; fileEncoding = 4; lastKnownFileType = sourcecode.swift; path = SeConnecter.swift; sourceTree = "<group>"; };
		F24601191C9C06A30068E5DB /* CreerCompte.swift */ = {isa = PBXFileReference; fileEncoding = 4; lastKnownFileType = sourcecode.swift; path = CreerCompte.swift; sourceTree = "<group>"; };
		F28F40AA1C9BF18F003B54F3 /* ProjetiOS2016.app */ = {isa = PBXFileReference; explicitFileType = wrapper.application; includeInIndex = 0; path = ProjetiOS2016.app; sourceTree = BUILT_PRODUCTS_DIR; };
		F28F40AD1C9BF18F003B54F3 /* AppDelegate.swift */ = {isa = PBXFileReference; lastKnownFileType = sourcecode.swift; path = AppDelegate.swift; sourceTree = "<group>"; };
		F28F40AF1C9BF18F003B54F3 /* ViewController.swift */ = {isa = PBXFileReference; lastKnownFileType = sourcecode.swift; path = ViewController.swift; sourceTree = "<group>"; };
		F28F40B21C9BF18F003B54F3 /* Base */ = {isa = PBXFileReference; lastKnownFileType = file.storyboard; name = Base; path = Base.lproj/Main.storyboard; sourceTree = "<group>"; };
		F28F40B51C9BF18F003B54F3 /* ProjetiOS2016.xcdatamodel */ = {isa = PBXFileReference; lastKnownFileType = wrapper.xcdatamodel; path = ProjetiOS2016.xcdatamodel; sourceTree = "<group>"; };
		F28F40B71C9BF18F003B54F3 /* Assets.xcassets */ = {isa = PBXFileReference; lastKnownFileType = folder.assetcatalog; path = Assets.xcassets; sourceTree = "<group>"; };
		F28F40BA1C9BF18F003B54F3 /* Base */ = {isa = PBXFileReference; lastKnownFileType = file.storyboard; name = Base; path = Base.lproj/LaunchScreen.storyboard; sourceTree = "<group>"; };
		F28F40BC1C9BF18F003B54F3 /* Info.plist */ = {isa = PBXFileReference; lastKnownFileType = text.plist.xml; path = Info.plist; sourceTree = "<group>"; };
		F2955C961CAE3E03008BDA62 /* CellCommentaire.swift */ = {isa = PBXFileReference; fileEncoding = 4; lastKnownFileType = sourcecode.swift; path = CellCommentaire.swift; sourceTree = "<group>"; };
		F2955C981CAE3F3A008BDA62 /* Commentaire.swift */ = {isa = PBXFileReference; fileEncoding = 4; lastKnownFileType = sourcecode.swift; path = Commentaire.swift; sourceTree = "<group>"; };
		F2C0741F1CA2E23B00E51157 /* Conversation.swift */ = {isa = PBXFileReference; fileEncoding = 4; lastKnownFileType = sourcecode.swift; path = Conversation.swift; sourceTree = "<group>"; };
		F2D396181CA8B00200D68A9A /* DetailController.swift */ = {isa = PBXFileReference; fileEncoding = 4; lastKnownFileType = sourcecode.swift; path = DetailController.swift; sourceTree = "<group>"; };
		F2F94C0E1C9C3F2500E49F20 /* CreerService.swift */ = {isa = PBXFileReference; fileEncoding = 4; lastKnownFileType = sourcecode.swift; path = CreerService.swift; sourceTree = "<group>"; };
/* End PBXFileReference section */

/* Begin PBXFrameworksBuildPhase section */
		F28F40A71C9BF18F003B54F3 /* Frameworks */ = {
			isa = PBXFrameworksBuildPhase;
			buildActionMask = 2147483647;
			files = (
			);
			runOnlyForDeploymentPostprocessing = 0;
		};
/* End PBXFrameworksBuildPhase section */

/* Begin PBXGroup section */
		F28F40A11C9BF18E003B54F3 = {
			isa = PBXGroup;
			children = (
				F28F40AC1C9BF18F003B54F3 /* ProjetiOS2016 */,
				F28F40AB1C9BF18F003B54F3 /* Products */,
			);
			sourceTree = "<group>";
		};
		F28F40AB1C9BF18F003B54F3 /* Products */ = {
			isa = PBXGroup;
			children = (
				F28F40AA1C9BF18F003B54F3 /* ProjetiOS2016.app */,
			);
			name = Products;
			sourceTree = "<group>";
		};
		F28F40AC1C9BF18F003B54F3 /* ProjetiOS2016 */ = {
			isa = PBXGroup;
			children = (
				F28F40AD1C9BF18F003B54F3 /* AppDelegate.swift */,
				F28F40AF1C9BF18F003B54F3 /* ViewController.swift */,
				F28F40B11C9BF18F003B54F3 /* Main.storyboard */,
				F2955C981CAE3F3A008BDA62 /* Commentaire.swift */,
				F2955C961CAE3E03008BDA62 /* CellCommentaire.swift */,
				F2C0741F1CA2E23B00E51157 /* Conversation.swift */,
				F20FA7F91CADA0B500288570 /* Cellule.swift */,
				F231DEBB1C9C0BDE00D39E7B /* SeConnecter.swift */,
				F24601191C9C06A30068E5DB /* CreerCompte.swift */,
				F2D396181CA8B00200D68A9A /* DetailController.swift */,
				F2F94C0E1C9C3F2500E49F20 /* CreerService.swift */,
				F28F40B71C9BF18F003B54F3 /* Assets.xcassets */,
				F28F40B91C9BF18F003B54F3 /* LaunchScreen.storyboard */,
				F28F40BC1C9BF18F003B54F3 /* Info.plist */,
				F28F40B41C9BF18F003B54F3 /* ProjetiOS2016.xcdatamodeld */,
			);
			path = ProjetiOS2016;
			sourceTree = "<group>";
		};
/* End PBXGroup section */

/* Begin PBXNativeTarget section */
		F28F40A91C9BF18F003B54F3 /* ProjetiOS2016 */ = {
			isa = PBXNativeTarget;
			buildConfigurationList = F28F40BF1C9BF18F003B54F3 /* Build configuration list for PBXNativeTarget "ProjetiOS2016" */;
			buildPhases = (
				F28F40A61C9BF18F003B54F3 /* Sources */,
				F28F40A71C9BF18F003B54F3 /* Frameworks */,
				F28F40A81C9BF18F003B54F3 /* Resources */,
			);
			buildRules = (
			);
			dependencies = (
			);
			name = ProjetiOS2016;
			productName = ProjetiOS2016;
			productReference = F28F40AA1C9BF18F003B54F3 /* ProjetiOS2016.app */;
			productType = "com.apple.product-type.application";
		};
/* End PBXNativeTarget section */

/* Begin PBXProject section */
		F28F40A21C9BF18E003B54F3 /* Project object */ = {
			isa = PBXProject;
			attributes = {
				LastSwiftUpdateCheck = 0720;
				LastUpgradeCheck = 0720;
				ORGANIZATIONNAME = tp;
				TargetAttributes = {
					F28F40A91C9BF18F003B54F3 = {
						CreatedOnToolsVersion = 7.2;
					};
				};
			};
			buildConfigurationList = F28F40A51C9BF18E003B54F3 /* Build configuration list for PBXProject "ProjetiOS2016" */;
			compatibilityVersion = "Xcode 3.2";
			developmentRegion = English;
			hasScannedForEncodings = 0;
			knownRegions = (
				en,
				Base,
			);
			mainGroup = F28F40A11C9BF18E003B54F3;
			productRefGroup = F28F40AB1C9BF18F003B54F3 /* Products */;
			projectDirPath = "";
			projectRoot = "";
			targets = (
				F28F40A91C9BF18F003B54F3 /* ProjetiOS2016 */,
			);
		};
/* End PBXProject section */

/* Begin PBXResourcesBuildPhase section */
		F28F40A81C9BF18F003B54F3 /* Resources */ = {
			isa = PBXResourcesBuildPhase;
			buildActionMask = 2147483647;
			files = (
				F28F40BB1C9BF18F003B54F3 /* LaunchScreen.storyboard in Resources */,
				F28F40B81C9BF18F003B54F3 /* Assets.xcassets in Resources */,
				F28F40B31C9BF18F003B54F3 /* Main.storyboard in Resources */,
			);
			runOnlyForDeploymentPostprocessing = 0;
		};
/* End PBXResourcesBuildPhase section */

/* Begin PBXSourcesBuildPhase section */
		F28F40A61C9BF18F003B54F3 /* Sources */ = {
			isa = PBXSourcesBuildPhase;
			buildActionMask = 2147483647;
			files = (
				F2955C971CAE3E03008BDA62 /* CellCommentaire.swift in Sources */,
				F2D396191CA8B00200D68A9A /* DetailController.swift in Sources */,
				F28F40B01C9BF18F003B54F3 /* ViewController.swift in Sources */,
				F246011A1C9C06A30068E5DB /* CreerCompte.swift in Sources */,
				F20FA7FA1CADA0B500288570 /* Cellule.swift in Sources */,
				F2955C991CAE3F3A008BDA62 /* Commentaire.swift in Sources */,
				F28F40B61C9BF18F003B54F3 /* ProjetiOS2016.xcdatamodeld in Sources */,
				F2F94C0F1C9C3F2500E49F20 /* CreerService.swift in Sources */,
				F2C074201CA2E23B00E51157 /* Conversation.swift in Sources */,
				F231DEBC1C9C0BDE00D39E7B /* SeConnecter.swift in Sources */,
				F28F40AE1C9BF18F003B54F3 /* AppDelegate.swift in Sources */,
			);
			runOnlyForDeploymentPostprocessing = 0;
		};
/* End PBXSourcesBuildPhase section */

/* Begin PBXVariantGroup section */
		F28F40B11C9BF18F003B54F3 /* Main.storyboard */ = {
			isa = PBXVariantGroup;
			children = (
				F28F40B21C9BF18F003B54F3 /* Base */,
			);
			name = Main.storyboard;
			sourceTree = "<group>";
		};
		F28F40B91C9BF18F003B54F3 /* LaunchScreen.storyboard */ = {
			isa = PBXVariantGroup;
			children = (
				F28F40BA1C9BF18F003B54F3 /* Base */,
			);
			name = LaunchScreen.storyboard;
			sourceTree = "<group>";
		};
/* End PBXVariantGroup section */

/* Begin XCBuildConfiguration section */
		F28F40BD1C9BF18F003B54F3 /* Debug */ = {
			isa = XCBuildConfiguration;
			buildSettings = {
				ALWAYS_SEARCH_USER_PATHS = NO;
				CLANG_CXX_LANGUAGE_STANDARD = "gnu++0x";
				CLANG_CXX_LIBRARY = "libc++";
				CLANG_ENABLE_MODULES = YES;
				CLANG_ENABLE_OBJC_ARC = YES;
				CLANG_WARN_BOOL_CONVERSION = YES;
				CLANG_WARN_CONSTANT_CONVERSION = YES;
				CLANG_WARN_DIRECT_OBJC_ISA_USAGE = YES_ERROR;
				CLANG_WARN_EMPTY_BODY = YES;
				CLANG_WARN_ENUM_CONVERSION = YES;
				CLANG_WARN_INT_CONVERSION = YES;
				CLANG_WARN_OBJC_ROOT_CLASS = YES_ERROR;
				CLANG_WARN_UNREACHABLE_CODE = YES;
				CLANG_WARN__DUPLICATE_METHOD_MATCH = YES;
				"CODE_SIGN_IDENTITY[sdk=iphoneos*]" = "iPhone Developer";
				COPY_PHASE_STRIP = NO;
				DEBUG_INFORMATION_FORMAT = dwarf;
				ENABLE_STRICT_OBJC_MSGSEND = YES;
				ENABLE_TESTABILITY = YES;
				GCC_C_LANGUAGE_STANDARD = gnu99;
				GCC_DYNAMIC_NO_PIC = NO;
				GCC_NO_COMMON_BLOCKS = YES;
				GCC_OPTIMIZATION_LEVEL = 0;
				GCC_PREPROCESSOR_DEFINITIONS = (
					"DEBUG=1",
					"$(inherited)",
				);
				GCC_WARN_64_TO_32_BIT_CONVERSION = YES;
				GCC_WARN_ABOUT_RETURN_TYPE = YES_ERROR;
				GCC_WARN_UNDECLARED_SELECTOR = YES;
				GCC_WARN_UNINITIALIZED_AUTOS = YES_AGGRESSIVE;
				GCC_WARN_UNUSED_FUNCTION = YES;
				GCC_WARN_UNUSED_VARIABLE = YES;
				IPHONEOS_DEPLOYMENT_TARGET = 9.2;
				MTL_ENABLE_DEBUG_INFO = YES;
				ONLY_ACTIVE_ARCH = YES;
				SDKROOT = iphoneos;
				SWIFT_OPTIMIZATION_LEVEL = "-Onone";
			};
			name = Debug;
		};
		F28F40BE1C9BF18F003B54F3 /* Release */ = {
			isa = XCBuildConfiguration;
			buildSettings = {
				ALWAYS_SEARCH_USER_PATHS = NO;
				CLANG_CXX_LANGUAGE_STANDARD = "gnu++0x";
				CLANG_CXX_LIBRARY = "libc++";
				CLANG_ENABLE_MODULES = YES;
				CLANG_ENABLE_OBJC_ARC = YES;
				CLANG_WARN_BOOL_CONVERSION = YES;
				CLANG_WARN_CONSTANT_CONVERSION = YES;
				CLANG_WARN_DIRECT_OBJC_ISA_USAGE = YES_ERROR;
				CLANG_WARN_EMPTY_BODY = YES;
				CLANG_WARN_ENUM_CONVERSION = YES;
				CLANG_WARN_INT_CONVERSION = YES;
				CLANG_WARN_OBJC_ROOT_CLASS = YES_ERROR;
				CLANG_WARN_UNREACHABLE_CODE = YES;
				CLANG_WARN__DUPLICATE_METHOD_MATCH = YES;
				"CODE_SIGN_IDENTITY[sdk=iphoneos*]" = "iPhone Developer";
				COPY_PHASE_STRIP = NO;
				DEBUG_INFORMATION_FORMAT = "dwarf-with-dsym";
				ENABLE_NS_ASSERTIONS = NO;
				ENABLE_STRICT_OBJC_MSGSEND = YES;
				GCC_C_LANGUAGE_STANDARD = gnu99;
				GCC_NO_COMMON_BLOCKS = YES;
				GCC_WARN_64_TO_32_BIT_CONVERSION = YES;
				GCC_WARN_ABOUT_RETURN_TYPE = YES_ERROR;
				GCC_WARN_UNDECLARED_SELECTOR = YES;
				GCC_WARN_UNINITIALIZED_AUTOS = YES_AGGRESSIVE;
				GCC_WARN_UNUSED_FUNCTION = YES;
				GCC_WARN_UNUSED_VARIABLE = YES;
				IPHONEOS_DEPLOYMENT_TARGET = 9.2;
				MTL_ENABLE_DEBUG_INFO = NO;
				SDKROOT = iphoneos;
				VALIDATE_PRODUCT = YES;
			};
			name = Release;
		};
		F28F40C01C9BF18F003B54F3 /* Debug */ = {
			isa = XCBuildConfiguration;
			buildSettings = {
				ASSETCATALOG_COMPILER_APPICON_NAME = AppIcon;
				INFOPLIST_FILE = ProjetiOS2016/Info.plist;
				LD_RUNPATH_SEARCH_PATHS = "$(inherited) @executable_path/Frameworks";
				PRODUCT_BUNDLE_IDENTIFIER = com.tp.ProjetiOS2016;
				PRODUCT_NAME = "$(TARGET_NAME)";
			};
			name = Debug;
		};
		F28F40C11C9BF18F003B54F3 /* Release */ = {
			isa = XCBuildConfiguration;
			buildSettings = {
				ASSETCATALOG_COMPILER_APPICON_NAME = AppIcon;
				INFOPLIST_FILE = ProjetiOS2016/Info.plist;
				LD_RUNPATH_SEARCH_PATHS = "$(inherited) @executable_path/Frameworks";
				PRODUCT_BUNDLE_IDENTIFIER = com.tp.ProjetiOS2016;
				PRODUCT_NAME = "$(TARGET_NAME)";
			};
			name = Release;
		};
/* End XCBuildConfiguration section */

/* Begin XCConfigurationList section */
		F28F40A51C9BF18E003B54F3 /* Build configuration list for PBXProject "ProjetiOS2016" */ = {
			isa = XCConfigurationList;
			buildConfigurations = (
				F28F40BD1C9BF18F003B54F3 /* Debug */,
				F28F40BE1C9BF18F003B54F3 /* Release */,
			);
			defaultConfigurationIsVisible = 0;
			defaultConfigurationName = Release;
		};
		F28F40BF1C9BF18F003B54F3 /* Build configuration list for PBXNativeTarget "ProjetiOS2016" */ = {
			isa = XCConfigurationList;
			buildConfigurations = (
				F28F40C01C9BF18F003B54F3 /* Debug */,
				F28F40C11C9BF18F003B54F3 /* Release */,
			);
			defaultConfigurationIsVisible = 0;
			defaultConfigurationName = Release;
		};
/* End XCConfigurationList section */

/* Begin XCVersionGroup section */
		F28F40B41C9BF18F003B54F3 /* ProjetiOS2016.xcdatamodeld */ = {
			isa = XCVersionGroup;
			children = (
				F28F40B51C9BF18F003B54F3 /* ProjetiOS2016.xcdatamodel */,
			);
			currentVersion = F28F40B51C9BF18F003B54F3 /* ProjetiOS2016.xcdatamodel */;
			path = ProjetiOS2016.xcdatamodeld;
			sourceTree = "<group>";
			versionGroupType = wrapper.xcdatamodel;
		};
/* End XCVersionGroup section */
	};
	rootObject = F28F40A21C9BF18E003B54F3 /* Project object */;
}
